
Microsoft Visual Studio Solution File, Format Version 12.00
# Visual Studio Version 17
VisualStudioVersion = 17.11.35312.102
MinimumVisualStudioVersion = 10.0.40219.1
Project("{FAE04EC0-301F-11D3-BF4B-00C04F79EFBC}") = "Arrays", "Arrays\Arrays.csproj", "{07ECC6B4-7B6C-44D7-899A-F63CCAE038EC}"
EndProject
Global
	GlobalSection(SolutionConfigurationPlatforms) = preSolution
		Debug|Any CPU = Debug|Any CPU
		Release|Any CPU = Release|Any CPU
	EndGlobalSection
	GlobalSection(ProjectConfigurationPlatforms) = postSolution
		{07ECC6B4-7B6C-44D7-899A-F63CCAE038EC}.Debug|Any CPU.ActiveCfg = Debug|Any CPU
		{07ECC6B4-7B6C-44D7-899A-F63CCAE038EC}.Debug|Any CPU.Build.0 = Debug|Any CPU
		{07ECC6B4-7B6C-44D7-899A-F63CCAE038EC}.Release|Any CPU.ActiveCfg = Release|Any CPU
		{07ECC6B4-7B6C-44D7-899A-F63CCAE038EC}.Release|Any CPU.Build.0 = Release|Any CPU
	EndGlobalSection
	GlobalSection(SolutionProperties) = preSolution
		HideSolutionNode = FALSE
	EndGlobalSection
	GlobalSection(ExtensibilityGlobals) = postSolution
		SolutionGuid = {ECA127CA-D1F6-43BA-8DCC-1C32C6D55714}
	EndGlobalSection
EndGlobal
